
Microsoft Visual Studio Solution File, Format Version 12.00
# Visual Studio Version 17
VisualStudioVersion = 17.7.34031.279
MinimumVisualStudioVersion = 10.0.40219.1
Project("{FAE04EC0-301F-11D3-BF4B-00C04F79EFBC}") = "Crud C#", "Crud C#.csproj", "{ACE7B3C2-CE0A-424E-A48B-8860E2E81FA0}"
EndProject
Global
	GlobalSection(SolutionConfigurationPlatforms) = preSolution
		Debug|Any CPU = Debug|Any CPU
		Release|Any CPU = Release|Any CPU
	EndGlobalSection
	GlobalSection(ProjectConfigurationPlatforms) = postSolution
		{ACE7B3C2-CE0A-424E-A48B-8860E2E81FA0}.Debug|Any CPU.ActiveCfg = Debug|Any CPU
		{ACE7B3C2-CE0A-424E-A48B-8860E2E81FA0}.Debug|Any CPU.Build.0 = Debug|Any CPU
		{ACE7B3C2-CE0A-424E-A48B-8860E2E81FA0}.Release|Any CPU.ActiveCfg = Release|Any CPU
		{ACE7B3C2-CE0A-424E-A48B-8860E2E81FA0}.Release|Any CPU.Build.0 = Release|Any CPU
	EndGlobalSection
	GlobalSection(SolutionProperties) = preSolution
		HideSolutionNode = FALSE
	EndGlobalSection
	GlobalSection(ExtensibilityGlobals) = postSolution
		SolutionGuid = {AEF2815A-C68D-4530-92EC-24200A5A78B3}
	EndGlobalSection
EndGlobal
